<?xml version="1.0" encoding="utf-8"?>
<Project ToolsVersion="4.0" xmlns="http://schemas.microsoft.com/developer/msbuild/2003">
  <ItemGroup>
    <Filter Include="audioInterfaces">
      <UniqueIdentifier>{d1714d32-84a5-4e15-b5dc-7c734a69e679}</UniqueIdentifier>
    </Filter>
    <Filter Include="buffers">
      <UniqueIdentifier>{7ca0db15-9b5a-45fb-9438-e02930073fe6}</UniqueIdentifier>
    </Filter>
    <Filter Include="constants_typedefs">
      <UniqueIdentifier>{29edd510-5b57-408c-bfa7-3e0afa85124c}</UniqueIdentifier>
    </Filter>
    <Filter Include="exceptions">
      <UniqueIdentifier>{fe16554e-7cf8-4fa8-9f77-cfbd4d88a996}</UniqueIdentifier>
    </Filter>
    <Filter Include="logger">
      <UniqueIdentifier>{7ca4c22e-9974-49e4-b191-0fd071284408}</UniqueIdentifier>
    </Filter>
    <Filter Include="signals">
      <UniqueIdentifier>{48ce6d8d-0f7f-403c-88b2-258d2237b2cd}</UniqueIdentifier>
    </Filter>
    <Filter Include="os">
      <UniqueIdentifier>{055bb7b9-34d4-444c-8fdb-04425409a97b}</UniqueIdentifier>
    </Filter>
    <Filter Include="os\windows">
      <UniqueIdentifier>{e5aaa6f1-55a2-4add-9812-638dc87e6314}</UniqueIdentifier>
    </Filter>
    <Filter Include="os\linux">
      <UniqueIdentifier>{8d845b83-4169-48e6-8c02-84f29f690611}</UniqueIdentifier>
    </Filter>
    <Filter Include="time">
      <UniqueIdentifier>{0fe20054-4796-4cb7-9ecf-5831efb101ce}</UniqueIdentifier>
    </Filter>
    <Filter Include="strings">
      <UniqueIdentifier>{5515c397-a494-47ca-8e2d-161b6b49b728}</UniqueIdentifier>
    </Filter>
  </ItemGroup>
  <ItemGroup>
    <ClInclude Include="..\buffers\IBufferBase.h">
      <Filter>buffers</Filter>
    </ClInclude>
    <ClInclude Include="..\buffers\ITBuffer.h">
      <Filter>buffers</Filter>
    </ClInclude>
    <ClInclude Include="..\buffers\ITFrameBuffer.h">
      <Filter>buffers</Filter>
    </ClInclude>
    <ClInclude Include="..\buffers\TBufferBase.h">
      <Filter>buffers</Filter>
    </ClInclude>
    <ClInclude Include="..\buffers\TFrameBuffer.h">
      <Filter>buffers</Filter>
    </ClInclude>
    <ClInclude Include="..\buffers\TFrameRingBuffer.h">
      <Filter>buffers</Filter>
    </ClInclude>
    <ClInclude Include="..\buffers\TRingBuffer.h">
      <Filter>buffers</Filter>
    </ClInclude>
    <ClInclude Include="..\constants_typedefs\asplib_constants.h">
      <Filter>constants_typedefs</Filter>
    </ClInclude>
    <ClInclude Include="..\constants_typedefs\asplib_typedefs.h">
      <Filter>constants_typedefs</Filter>
    </ClInclude>
    <ClInclude Include="..\exceptions\asplib_IException.h">
      <Filter>exceptions</Filter>
    </ClInclude>
    <ClInclude Include="..\exceptions\asplib_StringException.h">
      <Filter>exceptions</Filter>
    </ClInclude>
    <ClInclude Include="..\os\linux\linux_definitions.h">
      <Filter>os\linux</Filter>
    </ClInclude>
    <ClInclude Include="..\os\windows\windows_definitions.h">
      <Filter>os\windows</Filter>
    </ClInclude>
    <ClInclude Include="..\os\asplib_base_os.h">
      <Filter>os</Filter>
    </ClInclude>
    <ClInclude Include="..\signals\samplesConverter.h">
      <Filter>signals</Filter>
    </ClInclude>
    <ClInclude Include="..\signals\interleaver.h">
      <Filter>signals</Filter>
    </ClInclude>
    <ClInclude Include="..\timer\asplib_CPUTimer.h">
      <Filter>time</Filter>
    </ClInclude>
    <ClInclude Include="..\strings\stdStringUtils.h">
      <Filter>strings</Filter>
    </ClInclude>
    <ClInclude Include="..\logger\LoggerStdout.h">
      <Filter>logger</Filter>
    </ClInclude>
    <ClInclude Include="..\logger\LoggerFile.h">
      <Filter>logger</Filter>
    </ClInclude>
    <ClInclude Include="..\logger\LoggerFactory.h">
      <Filter>logger</Filter>
    </ClInclude>
    <ClInclude Include="..\logger\Logger_types.h">
      <Filter>logger</Filter>
    </ClInclude>
    <ClInclude Include="..\logger\ILogger.h">
      <Filter>logger</Filter>
    </ClInclude>
    <ClInclude Include="..\logger\asplib_default_logger.h">
      <Filter>logger</Filter>
    </ClInclude>
    <ClInclude Include="..\audioInterfaces\IPortAudio.h">
      <Filter>audioInterfaces</Filter>
    </ClInclude>
  </ItemGroup>
  <ItemGroup>
    <ClCompile Include="..\exceptions\asplib_StringException.cpp">
      <Filter>exceptions</Filter>
    </ClCompile>
    <ClCompile Include="..\signals\samplesConverter.cpp">
      <Filter>signals</Filter>
    </ClCompile>
    <ClCompile Include="..\timer\asplib_CPUTimer.cpp">
      <Filter>time</Filter>
    </ClCompile>
    <ClCompile Include="..\logger\LoggerStdout.cpp">
      <Filter>logger</Filter>
    </ClCompile>
    <ClCompile Include="..\logger\LoggerFile.cpp">
      <Filter>logger</Filter>
    </ClCompile>
    <ClCompile Include="..\logger\LoggerFactory.cpp">
      <Filter>logger</Filter>
    </ClCompile>
    <ClCompile Include="..\logger\ILogger.cpp">
      <Filter>logger</Filter>
    </ClCompile>
    <ClCompile Include="..\logger\asplib_default_logger.cpp">
      <Filter>logger</Filter>
    </ClCompile>
    <ClCompile Include="..\audioInterfaces\IPortAudio.cpp">
      <Filter>audioInterfaces</Filter>
    </ClCompile>
    <ClCompile Include="..\logger\Logger_types.cpp">
      <Filter>logger</Filter>
    </ClCompile>
  </ItemGroup>
</Project>