<?xml version="1.0" encoding="utf-8"?>
<Project ToolsVersion="4.0" xmlns="http://schemas.microsoft.com/developer/msbuild/2003">
  <ItemGroup>
    <Filter Include="interfaces">
      <UniqueIdentifier>{a471fdc0-9b32-449c-b4ca-d83fd9504bbb}</UniqueIdentifier>
    </Filter>
    <Filter Include="Biquads">
      <UniqueIdentifier>{603cb8e7-596e-4bb0-9083-0ceff6aeb961}</UniqueIdentifier>
    </Filter>
    <Filter Include="Biquads\Biquad_Native">
      <UniqueIdentifier>{9bcb25cf-1e49-4bb3-99f8-2a28112cea57}</UniqueIdentifier>
    </Filter>
    <Filter Include="Biquads\Biquad_SSE">
      <UniqueIdentifier>{4371b982-9a57-4a72-a3ae-613ece82b3a7}</UniqueIdentifier>
    </Filter>
    <Filter Include="asplib_utils">
      <UniqueIdentifier>{e31e7af7-5f33-4586-8a2b-360198f9edd1}</UniqueIdentifier>
    </Filter>
    <Filter Include="asplib_utils\audioInterfaces">
      <UniqueIdentifier>{0923e315-6ab2-4b5a-9ef2-3c1076353754}</UniqueIdentifier>
    </Filter>
    <Filter Include="asplib_utils\buffers">
      <UniqueIdentifier>{2b2c7d00-735e-4b0c-a2d4-d261f0d371d3}</UniqueIdentifier>
    </Filter>
    <Filter Include="asplib_utils\computeDeviceInfo">
      <UniqueIdentifier>{b224b802-5a9a-4ffd-a1a3-b3525b02ce6c}</UniqueIdentifier>
    </Filter>
    <Filter Include="asplib_utils\constants_typedefs">
      <UniqueIdentifier>{f05b3bc5-977c-42a8-9df4-ef0a02361385}</UniqueIdentifier>
    </Filter>
    <Filter Include="asplib_utils\exceptions">
      <UniqueIdentifier>{a9f45893-5549-47e2-ba64-c487044e3e32}</UniqueIdentifier>
    </Filter>
    <Filter Include="asplib_utils\logger">
      <UniqueIdentifier>{f377a07b-f70e-494f-9c48-c3496da9c789}</UniqueIdentifier>
    </Filter>
    <Filter Include="asplib_utils\os">
      <UniqueIdentifier>{4d53be5e-e3fd-48df-bfab-c48d7654dda5}</UniqueIdentifier>
    </Filter>
    <Filter Include="asplib_utils\signals">
      <UniqueIdentifier>{8504a878-cf33-49d0-950e-290e3f3d3073}</UniqueIdentifier>
    </Filter>
    <Filter Include="asplib_utils\strings">
      <UniqueIdentifier>{cb393417-ffcd-4b7c-8dee-118c6ed028dc}</UniqueIdentifier>
    </Filter>
    <Filter Include="asplib_utils\timer">
      <UniqueIdentifier>{d5e2a05b-6768-49f5-bb41-5486471bc2f9}</UniqueIdentifier>
    </Filter>
    <Filter Include="asplib_utils\os\linux">
      <UniqueIdentifier>{0db1fdfc-f581-41d9-b754-3c688193c013}</UniqueIdentifier>
    </Filter>
    <Filter Include="asplib_utils\os\windows">
      <UniqueIdentifier>{989fe493-c2e8-4039-b0e7-e4988dc00c97}</UniqueIdentifier>
    </Filter>
    <Filter Include="asplib_utils\fft">
      <UniqueIdentifier>{2e4b5ba7-f38b-48bd-a4f4-9b62cb9dfb93}</UniqueIdentifier>
    </Filter>
    <Filter Include="asplib_utils\fft\KissFFT">
      <UniqueIdentifier>{e55ba9cb-38bb-4cf1-a933-f3045adf3c43}</UniqueIdentifier>
    </Filter>
    <Filter Include="asplib_utils\fft\fftWindowing">
      <UniqueIdentifier>{fa6ae2be-5c19-412d-af73-f76ec67605a7}</UniqueIdentifier>
    </Filter>
    <Filter Include="SpectrumVisProcessor">
      <UniqueIdentifier>{1f97d523-c27b-49f6-ad89-ea65d7f4d0ef}</UniqueIdentifier>
    </Filter>
    <Filter Include="SpectrumVisProcessor\FFTSmoother">
      <UniqueIdentifier>{2c2c2567-3deb-4dd4-914d-c6b68800c595}</UniqueIdentifier>
    </Filter>
    <Filter Include="SpectrumVisProcessor\FFTSmoother\dlbeerSmoother">
      <UniqueIdentifier>{54fd42af-088f-48e8-ae6c-fbc549dcb09b}</UniqueIdentifier>
    </Filter>
    <Filter Include="asplib_utils\base">
      <UniqueIdentifier>{875c7961-f20a-4838-99eb-8349ef447237}</UniqueIdentifier>
    </Filter>
    <Filter Include="asplib_utils\base\autoFactory">
      <UniqueIdentifier>{7cbfa8ce-0d3e-46e0-b7de-560051b7fd96}</UniqueIdentifier>
    </Filter>
    <Filter Include="IIRFilter">
      <UniqueIdentifier>{93a78aee-9ab5-46ca-8cd8-c68eab62f425}</UniqueIdentifier>
    </Filter>
    <Filter Include="asplib_utils\fft\common">
      <UniqueIdentifier>{ca4edf44-3194-412a-81a7-60b5a45ad32c}</UniqueIdentifier>
    </Filter>
    <Filter Include="SpectrumVisProcessor\FFTSmoother\common">
      <UniqueIdentifier>{b266d613-559a-4898-94f7-2936b0d79493}</UniqueIdentifier>
    </Filter>
    <Filter Include="SpectrumVisProcessor\AxisScaler">
      <UniqueIdentifier>{cba739e8-59ff-4f2f-b0c2-a9d751263408}</UniqueIdentifier>
    </Filter>
    <Filter Include="SpectrumVisProcessor\Remapper">
      <UniqueIdentifier>{6c45d654-a666-4c3b-8c82-a136fec6b98c}</UniqueIdentifier>
    </Filter>
    <Filter Include="asplib_utils\base\extendedStructs">
      <UniqueIdentifier>{3e0f8800-fa7d-4b17-b929-b15d577e2773}</UniqueIdentifier>
    </Filter>
    <Filter Include="SpectrumVisProcessor\Remapper\common">
      <UniqueIdentifier>{387e4b05-02f8-496c-80f1-9fefd43c647e}</UniqueIdentifier>
    </Filter>
    <Filter Include="SpectrumVisProcessor\Remapper\GammaCorrectorRemapper">
      <UniqueIdentifier>{4b1115cf-b801-438e-a1e7-62f16438e60f}</UniqueIdentifier>
    </Filter>
    <Filter Include="SpectrumVisProcessor\AxisScaler\common">
      <UniqueIdentifier>{72a6e0cd-e5ec-427e-82f6-8da4746681af}</UniqueIdentifier>
    </Filter>
    <Filter Include="SpectrumVisProcessor\AxisScaler\Log10Scaler">
      <UniqueIdentifier>{ad7406aa-c784-48d0-91f8-7b7b28262ecc}</UniqueIdentifier>
    </Filter>
    <Filter Include="SpectrumVisProcessor\SpectrumCalculation">
      <UniqueIdentifier>{8f0ae200-ffc8-4548-b2c2-07f09153af94}</UniqueIdentifier>
    </Filter>
    <Filter Include="SpectrumVisProcessor\SpectrumCalculation\SquareSpectrumCalculation">
      <UniqueIdentifier>{9f5b7eaa-db81-459a-be1b-2e6383c6f6de}</UniqueIdentifier>
    </Filter>
    <Filter Include="SpectrumVisProcessor\SpectrumCalculation\SquareRootSpectrumCalculation">
      <UniqueIdentifier>{0cfd5d61-eb10-4276-adbe-2964e36e88c5}</UniqueIdentifier>
    </Filter>
    <Filter Include="SpectrumVisProcessor\SpectrumCalculation\PhaseCalculation">
      <UniqueIdentifier>{0a04484c-b4cc-4255-9139-2e2532242083}</UniqueIdentifier>
    </Filter>
    <Filter Include="SpectrumVisProcessor\SpectrumCalculation\common">
      <UniqueIdentifier>{d0cda5ef-907c-482f-95f8-c02502d3e643}</UniqueIdentifier>
    </Filter>
  </ItemGroup>
  <ItemGroup>
    <ClCompile Include="..\BiQuads\BiQuad_Native\asplib_Biquad_Native.cpp">
      <Filter>Biquads\Biquad_Native</Filter>
    </ClCompile>
    <ClCompile Include="..\BiQuads\apslib_BiquadFactory.cpp">
      <Filter>Biquads</Filter>
    </ClCompile>
    <ClCompile Include="..\asplib_utils\audioInterfaces\IPortAudio.cpp">
      <Filter>asplib_utils\audioInterfaces</Filter>
    </ClCompile>
    <ClCompile Include="..\asplib_utils\timer\asplib_CPUTimer.cpp">
      <Filter>asplib_utils\timer</Filter>
    </ClCompile>
    <ClCompile Include="..\asplib_utils\signals\samplesConverter.cpp">
      <Filter>asplib_utils\signals</Filter>
    </ClCompile>
    <ClCompile Include="..\asplib_utils\logger\LoggerFactory.cpp">
      <Filter>asplib_utils\logger</Filter>
    </ClCompile>
    <ClCompile Include="..\asplib_utils\logger\LoggerFile.cpp">
      <Filter>asplib_utils\logger</Filter>
    </ClCompile>
    <ClCompile Include="..\asplib_utils\logger\LoggerStdout.cpp">
      <Filter>asplib_utils\logger</Filter>
    </ClCompile>
    <ClCompile Include="..\asplib_utils\logger\asplib_default_logger.cpp">
      <Filter>asplib_utils\logger</Filter>
    </ClCompile>
    <ClCompile Include="..\asplib_utils\logger\ILogger.cpp">
      <Filter>asplib_utils\logger</Filter>
    </ClCompile>
    <ClCompile Include="..\asplib_utils\logger\Logger_types.cpp">
      <Filter>asplib_utils\logger</Filter>
    </ClCompile>
    <ClCompile Include="..\asplib_utils\exceptions\asplib_StringException.cpp">
      <Filter>asplib_utils\exceptions</Filter>
    </ClCompile>
    <ClCompile Include="..\asplib_utils\computeDeviceInfo\cpuInfo.cpp">
      <Filter>asplib_utils\computeDeviceInfo</Filter>
    </ClCompile>
    <ClCompile Include="..\asplib_utils\fft\fftWindowing\fftWindowingFactory.cpp">
      <Filter>asplib_utils\fft\fftWindowing</Filter>
    </ClCompile>
    <ClCompile Include="..\asplib_utils\fft\fftWindowing\fftWindowFunctions.cpp">
      <Filter>asplib_utils\fft\fftWindowing</Filter>
    </ClCompile>
    <ClCompile Include="..\asplib_utils\fft\asplib_FFTFactory.cpp">
      <Filter>asplib_utils\fft</Filter>
    </ClCompile>
    <ClCompile Include="..\SpectrumVisProcessor\FFTSmoother\asplib_FFTSmootherFactory.cpp">
      <Filter>SpectrumVisProcessor\FFTSmoother</Filter>
    </ClCompile>
    <ClCompile Include="..\SpectrumVisProcessor\asplib_SpectrumVisProcessor.cpp">
      <Filter>SpectrumVisProcessor</Filter>
    </ClCompile>
    <ClCompile Include="..\asplib_utils\base\extendedStructs\asplib_ExtendedStructContainer.cpp">
      <Filter>asplib_utils\base\extendedStructs</Filter>
    </ClCompile>
    <ClCompile Include="..\asplib_utils\base\extendedStructs\asplib_ExtendedStructs.cpp">
      <Filter>asplib_utils\base\extendedStructs</Filter>
    </ClCompile>
    <ClCompile Include="..\SpectrumVisProcessor\asplib_SpectrumVisProcessorConfigurator.cpp">
      <Filter>SpectrumVisProcessor</Filter>
    </ClCompile>
    <ClCompile Include="..\SpectrumVisProcessor\AxisScaler\asplib_AxisScalerFactory.cpp">
      <Filter>SpectrumVisProcessor\AxisScaler</Filter>
    </ClCompile>
    <ClCompile Include="..\SpectrumVisProcessor\Remapper\asplib_RemapperFactory.cpp">
      <Filter>SpectrumVisProcessor\Remapper</Filter>
    </ClCompile>
    <ClCompile Include="..\SpectrumVisProcessor\SpectrumCalculation\asplib_SpectrumCalculationFactory.cpp">
      <Filter>SpectrumVisProcessor\SpectrumCalculation</Filter>
    </ClCompile>
    <ClCompile Include="..\interfaces\asplib_ProcessFactory.cpp">
      <Filter>interfaces</Filter>
    </ClCompile>
  </ItemGroup>
  <ItemGroup>
    <ClInclude Include="..\BiQuads\BiQuad_Native\asplib_Biquad_Native.h">
      <Filter>Biquads\Biquad_Native</Filter>
    </ClInclude>
    <ClInclude Include="..\BiQuads\apslib_BiquadFactory.h">
      <Filter>Biquads</Filter>
    </ClInclude>
    <ClInclude Include="..\interfaces\asplib_IBaseBiquad.h">
      <Filter>interfaces</Filter>
    </ClInclude>
    <ClInclude Include="..\asplib_utils\audioInterfaces\IPortAudio.h">
      <Filter>asplib_utils\audioInterfaces</Filter>
    </ClInclude>
    <ClInclude Include="..\asplib_utils\timer\asplib_CPUTimer.h">
      <Filter>asplib_utils\timer</Filter>
    </ClInclude>
    <ClInclude Include="..\asplib_utils\strings\stdStringUtils.h">
      <Filter>asplib_utils\strings</Filter>
    </ClInclude>
    <ClInclude Include="..\asplib_utils\signals\samplesConverter.h">
      <Filter>asplib_utils\signals</Filter>
    </ClInclude>
    <ClInclude Include="..\asplib_utils\signals\interleaver.h">
      <Filter>asplib_utils\signals</Filter>
    </ClInclude>
    <ClInclude Include="..\asplib_utils\os\asplib_base_os.h">
      <Filter>asplib_utils\os</Filter>
    </ClInclude>
    <ClInclude Include="..\asplib_utils\os\windows\windows_definitions.h">
      <Filter>asplib_utils\os\windows</Filter>
    </ClInclude>
    <ClInclude Include="..\asplib_utils\os\linux\linux_definitions.h">
      <Filter>asplib_utils\os\linux</Filter>
    </ClInclude>
    <ClInclude Include="..\asplib_utils\logger\Logger_types.h">
      <Filter>asplib_utils\logger</Filter>
    </ClInclude>
    <ClInclude Include="..\asplib_utils\logger\LoggerFactory.h">
      <Filter>asplib_utils\logger</Filter>
    </ClInclude>
    <ClInclude Include="..\asplib_utils\logger\LoggerFile.h">
      <Filter>asplib_utils\logger</Filter>
    </ClInclude>
    <ClInclude Include="..\asplib_utils\logger\LoggerStdout.h">
      <Filter>asplib_utils\logger</Filter>
    </ClInclude>
    <ClInclude Include="..\asplib_utils\logger\asplib_default_logger.h">
      <Filter>asplib_utils\logger</Filter>
    </ClInclude>
    <ClInclude Include="..\asplib_utils\logger\ILogger.h">
      <Filter>asplib_utils\logger</Filter>
    </ClInclude>
    <ClInclude Include="..\asplib_utils\exceptions\asplib_IException.h">
      <Filter>asplib_utils\exceptions</Filter>
    </ClInclude>
    <ClInclude Include="..\asplib_utils\exceptions\asplib_StringException.h">
      <Filter>asplib_utils\exceptions</Filter>
    </ClInclude>
    <ClInclude Include="..\asplib_utils\constants_typedefs\asplib_constants.h">
      <Filter>asplib_utils\constants_typedefs</Filter>
    </ClInclude>
    <ClInclude Include="..\asplib_utils\constants_typedefs\asplib_typedefs.h">
      <Filter>asplib_utils\constants_typedefs</Filter>
    </ClInclude>
    <ClInclude Include="..\asplib_utils\computeDeviceInfo\cpuInfo.h">
      <Filter>asplib_utils\computeDeviceInfo</Filter>
    </ClInclude>
    <ClInclude Include="..\asplib_utils\computeDeviceInfo\cpuInfo_types.h">
      <Filter>asplib_utils\computeDeviceInfo</Filter>
    </ClInclude>
    <ClInclude Include="..\asplib_utils\buffers\TFrameBuffer.h">
      <Filter>asplib_utils\buffers</Filter>
    </ClInclude>
    <ClInclude Include="..\asplib_utils\buffers\TFrameRingBuffer.h">
      <Filter>asplib_utils\buffers</Filter>
    </ClInclude>
    <ClInclude Include="..\asplib_utils\buffers\TRingBuffer.h">
      <Filter>asplib_utils\buffers</Filter>
    </ClInclude>
    <ClInclude Include="..\asplib_utils\fft\fftWindowing\fftWindowingFactory.h">
      <Filter>asplib_utils\fft\fftWindowing</Filter>
    </ClInclude>
    <ClInclude Include="..\asplib_utils\fft\fftWindowing\fftWindowFunctions.h">
      <Filter>asplib_utils\fft\fftWindowing</Filter>
    </ClInclude>
    <ClInclude Include="..\interfaces\asplib_IFFT.h">
      <Filter>interfaces</Filter>
    </ClInclude>
    <ClInclude Include="..\asplib_utils\fft\KissFFT\asplib_TRKissFFT.hpp">
      <Filter>asplib_utils\fft\KissFFT</Filter>
    </ClInclude>
    <ClInclude Include="..\asplib_utils\fft\KissFFT\asplib_TKissFFT.hpp">
      <Filter>asplib_utils\fft\KissFFT</Filter>
    </ClInclude>
    <ClInclude Include="..\SpectrumVisProcessor\FFTSmoother\dlbeerSmoother\asplib_TdlbeerSmoother.hpp">
      <Filter>SpectrumVisProcessor\FFTSmoother\dlbeerSmoother</Filter>
    </ClInclude>
    <ClInclude Include="..\SpectrumVisProcessor\FFTSmoother\asplib_FFTSmootherFactory.hpp">
      <Filter>SpectrumVisProcessor\FFTSmoother</Filter>
    </ClInclude>
    <ClInclude Include="..\asplib_utils\fft\asplib_FFTFactory.hpp">
      <Filter>asplib_utils\fft</Filter>
    </ClInclude>
    <ClInclude Include="..\SpectrumVisProcessor\FFTSmoother\dlbeerSmoother\asplib_dlbeerSmootherOptions.hpp">
      <Filter>SpectrumVisProcessor\FFTSmoother\dlbeerSmoother</Filter>
    </ClInclude>
    <ClInclude Include="..\SpectrumVisProcessor\FFTSmoother\dlbeerSmoother\asplib_TFeedbackSmoother.hpp">
      <Filter>SpectrumVisProcessor\FFTSmoother\dlbeerSmoother</Filter>
    </ClInclude>
    <ClInclude Include="..\asplib_utils\base\autoFactory\asplib_TAutoFactory.hpp">
      <Filter>asplib_utils\base\autoFactory</Filter>
    </ClInclude>
    <ClInclude Include="..\asplib_utils\base\autoFactory\asplib_TProductStatistics.hpp">
      <Filter>asplib_utils\base\autoFactory</Filter>
    </ClInclude>
    <ClInclude Include="..\IIRFilter\TFirstOrderFeedback.hpp">
      <Filter>IIRFilter</Filter>
    </ClInclude>
    <ClInclude Include="..\asplib_utils\fft\common\asplib_TZeroCpyConverter.hpp">
      <Filter>asplib_utils\fft\common</Filter>
    </ClInclude>
    <ClInclude Include="..\SpectrumVisProcessor\asplib_SpectrumVisProcessor.hpp">
      <Filter>SpectrumVisProcessor</Filter>
    </ClInclude>
    <ClInclude Include="..\asplib_utils\fft\KissFFT\KissFFTProducts.hpp">
      <Filter>asplib_utils\fft\KissFFT</Filter>
    </ClInclude>
    <ClInclude Include="..\SpectrumVisProcessor\FFTSmoother\common\FFTSmootherProducts.hpp">
      <Filter>SpectrumVisProcessor\FFTSmoother\common</Filter>
    </ClInclude>
    <ClInclude Include="..\asplib_utils\constants_typedefs\asplib_dataFmtDefines.hpp">
      <Filter>asplib_utils\constants_typedefs</Filter>
    </ClInclude>
    <ClInclude Include="..\asplib_utils\buffers\asplib_bufferTypes.hpp">
      <Filter>asplib_utils\buffers</Filter>
    </ClInclude>
    <ClInclude Include="..\asplib_utils\buffers\TBaseFrameBuffer.h">
      <Filter>asplib_utils\buffers</Filter>
    </ClInclude>
    <ClInclude Include="..\asplib_utils\buffers\TBaseBuffer.h">
      <Filter>asplib_utils\buffers</Filter>
    </ClInclude>
    <ClInclude Include="..\SpectrumVisProcessor\asplib_SpectrumVisProcessorConfigurator.hpp">
      <Filter>SpectrumVisProcessor</Filter>
    </ClInclude>
    <ClInclude Include="..\asplib_utils\base\extendedStructs\asplib_ExtendedStructContainer.hpp">
      <Filter>asplib_utils\base\extendedStructs</Filter>
    </ClInclude>
    <ClInclude Include="..\asplib_utils\base\extendedStructs\asplib_ExtendedStructs.hpp">
      <Filter>asplib_utils\base\extendedStructs</Filter>
    </ClInclude>
    <ClInclude Include="..\SpectrumVisProcessor\AxisScaler\asplib_AxisScalerFactory.hpp">
      <Filter>SpectrumVisProcessor\AxisScaler</Filter>
    </ClInclude>
    <ClInclude Include="..\SpectrumVisProcessor\Remapper\common\RemapperProducts.hpp">
      <Filter>SpectrumVisProcessor\Remapper\common</Filter>
    </ClInclude>
    <ClInclude Include="..\SpectrumVisProcessor\Remapper\GammaCorrectorRemapper\asplib_TGammaCorrector.hpp">
      <Filter>SpectrumVisProcessor\Remapper\GammaCorrectorRemapper</Filter>
    </ClInclude>
    <ClInclude Include="..\SpectrumVisProcessor\Remapper\asplib_RemapperFactory.hpp">
      <Filter>SpectrumVisProcessor\Remapper</Filter>
    </ClInclude>
    <ClInclude Include="..\SpectrumVisProcessor\AxisScaler\common\AxisScalerProducts.hpp">
      <Filter>SpectrumVisProcessor\AxisScaler\common</Filter>
    </ClInclude>
    <ClInclude Include="..\SpectrumVisProcessor\AxisScaler\Log10Scaler\asplib_TLog10Scaler.hpp">
      <Filter>SpectrumVisProcessor\AxisScaler\Log10Scaler</Filter>
    </ClInclude>
    <ClInclude Include="..\interfaces\asplib_IProcess.hpp">
      <Filter>interfaces</Filter>
    </ClInclude>
    <ClInclude Include="..\SpectrumVisProcessor\SpectrumCalculation\asplib_SpectrumCalculationFactory.hpp">
      <Filter>SpectrumVisProcessor\SpectrumCalculation</Filter>
    </ClInclude>
    <ClInclude Include="..\SpectrumVisProcessor\SpectrumCalculation\common\SpectrumCalculationProducts.hpp">
      <Filter>SpectrumVisProcessor\SpectrumCalculation\common</Filter>
    </ClInclude>
    <ClInclude Include="..\SpectrumVisProcessor\SpectrumCalculation\SquareRootSpectrumCalculation\asplib_TSquareRoot.hpp">
      <Filter>SpectrumVisProcessor\SpectrumCalculation\SquareRootSpectrumCalculation</Filter>
    </ClInclude>
    <ClInclude Include="..\SpectrumVisProcessor\SpectrumCalculation\SquareSpectrumCalculation\asplib_TSquare.hpp">
      <Filter>SpectrumVisProcessor\SpectrumCalculation\SquareSpectrumCalculation</Filter>
    </ClInclude>
    <ClInclude Include="..\interfaces\asplib_ProcessFactory.hpp">
      <Filter>interfaces</Filter>
    </ClInclude>
    <ClInclude Include="..\SpectrumVisProcessor\Remapper\GammaCorrectorRemapper\asplib_TGammaCorrectorOptions.hpp">
      <Filter>SpectrumVisProcessor\Remapper\GammaCorrectorRemapper</Filter>
    </ClInclude>
    <ClInclude Include="..\SpectrumVisProcessor\AxisScaler\Log10Scaler\asplib_TLog10ScalerOptions.hpp">
      <Filter>SpectrumVisProcessor\AxisScaler\Log10Scaler</Filter>
    </ClInclude>
    <ClInclude Include="..\asplib_utils\fft\asplib_FFTOptions.hpp">
      <Filter>asplib_utils\fft</Filter>
    </ClInclude>
    <ClInclude Include="..\asplib_utils\fft\KissFFT\asplib_KissFFTRealOptions.hpp">
      <Filter>asplib_utils\fft\KissFFT</Filter>
    </ClInclude>
    <ClInclude Include="..\asplib_utils\fft\KissFFT\asplib_KissFFTCpxOptions.hpp">
      <Filter>asplib_utils\fft\KissFFT</Filter>
    </ClInclude>
    <ClInclude Include="..\asplib_utils\constants_typedefs\asplib_ExtendedStructIDs.hpp">
      <Filter>asplib_utils\constants_typedefs</Filter>
    </ClInclude>
    <ClInclude Include="..\SpectrumVisProcessor\AxisScaler\asplib_AxisScalerOptions.hpp">
      <Filter>SpectrumVisProcessor\AxisScaler</Filter>
    </ClInclude>
    <ClInclude Include="..\SpectrumVisProcessor\FFTSmoother\asplib_FFTSmootherOptions.hpp">
      <Filter>SpectrumVisProcessor\FFTSmoother</Filter>
    </ClInclude>
    <ClInclude Include="..\SpectrumVisProcessor\Remapper\asplib_RemapperOptions.hpp">
      <Filter>SpectrumVisProcessor\Remapper</Filter>
    </ClInclude>
  </ItemGroup>
</Project>