<?xml version="1.0" encoding="utf-8"?>
<Project ToolsVersion="4.0" xmlns="http://schemas.microsoft.com/developer/msbuild/2003">
  <ItemGroup>
    <Filter Include="interfaces">
      <UniqueIdentifier>{a471fdc0-9b32-449c-b4ca-d83fd9504bbb}</UniqueIdentifier>
    </Filter>
    <Filter Include="Biquads">
      <UniqueIdentifier>{603cb8e7-596e-4bb0-9083-0ceff6aeb961}</UniqueIdentifier>
    </Filter>
    <Filter Include="Biquads\Biquad_Native">
      <UniqueIdentifier>{9bcb25cf-1e49-4bb3-99f8-2a28112cea57}</UniqueIdentifier>
    </Filter>
    <Filter Include="Biquads\Biquad_SSE">
      <UniqueIdentifier>{4371b982-9a57-4a72-a3ae-613ece82b3a7}</UniqueIdentifier>
    </Filter>
    <Filter Include="asplib_utils">
      <UniqueIdentifier>{e31e7af7-5f33-4586-8a2b-360198f9edd1}</UniqueIdentifier>
    </Filter>
    <Filter Include="asplib_utils\audioInterfaces">
      <UniqueIdentifier>{0923e315-6ab2-4b5a-9ef2-3c1076353754}</UniqueIdentifier>
    </Filter>
    <Filter Include="asplib_utils\buffers">
      <UniqueIdentifier>{2b2c7d00-735e-4b0c-a2d4-d261f0d371d3}</UniqueIdentifier>
    </Filter>
    <Filter Include="asplib_utils\computeDeviceInfo">
      <UniqueIdentifier>{b224b802-5a9a-4ffd-a1a3-b3525b02ce6c}</UniqueIdentifier>
    </Filter>
    <Filter Include="asplib_utils\constants_typedefs">
      <UniqueIdentifier>{f05b3bc5-977c-42a8-9df4-ef0a02361385}</UniqueIdentifier>
    </Filter>
    <Filter Include="asplib_utils\exceptions">
      <UniqueIdentifier>{a9f45893-5549-47e2-ba64-c487044e3e32}</UniqueIdentifier>
    </Filter>
    <Filter Include="asplib_utils\logger">
      <UniqueIdentifier>{f377a07b-f70e-494f-9c48-c3496da9c789}</UniqueIdentifier>
    </Filter>
    <Filter Include="asplib_utils\os">
      <UniqueIdentifier>{4d53be5e-e3fd-48df-bfab-c48d7654dda5}</UniqueIdentifier>
    </Filter>
    <Filter Include="asplib_utils\signals">
      <UniqueIdentifier>{8504a878-cf33-49d0-950e-290e3f3d3073}</UniqueIdentifier>
    </Filter>
    <Filter Include="asplib_utils\strings">
      <UniqueIdentifier>{cb393417-ffcd-4b7c-8dee-118c6ed028dc}</UniqueIdentifier>
    </Filter>
    <Filter Include="asplib_utils\timer">
      <UniqueIdentifier>{d5e2a05b-6768-49f5-bb41-5486471bc2f9}</UniqueIdentifier>
    </Filter>
    <Filter Include="asplib_utils\os\linux">
      <UniqueIdentifier>{0db1fdfc-f581-41d9-b754-3c688193c013}</UniqueIdentifier>
    </Filter>
    <Filter Include="asplib_utils\os\windows">
      <UniqueIdentifier>{989fe493-c2e8-4039-b0e7-e4988dc00c97}</UniqueIdentifier>
    </Filter>
  </ItemGroup>
  <ItemGroup>
    <ClCompile Include="..\BiQuads\BiQuad_Native\asplib_Biquad_Native.cpp">
      <Filter>Biquads\Biquad_Native</Filter>
    </ClCompile>
    <ClCompile Include="..\BiQuads\apslib_BiquadFactory.cpp">
      <Filter>Biquads</Filter>
    </ClCompile>
    <ClCompile Include="..\asplib_utils\audioInterfaces\IPortAudio.cpp">
      <Filter>asplib_utils\audioInterfaces</Filter>
    </ClCompile>
    <ClCompile Include="..\asplib_utils\timer\asplib_CPUTimer.cpp">
      <Filter>asplib_utils\timer</Filter>
    </ClCompile>
    <ClCompile Include="..\asplib_utils\signals\samplesConverter.cpp">
      <Filter>asplib_utils\signals</Filter>
    </ClCompile>
    <ClCompile Include="..\asplib_utils\logger\LoggerFactory.cpp">
      <Filter>asplib_utils\logger</Filter>
    </ClCompile>
    <ClCompile Include="..\asplib_utils\logger\LoggerFile.cpp">
      <Filter>asplib_utils\logger</Filter>
    </ClCompile>
    <ClCompile Include="..\asplib_utils\logger\LoggerStdout.cpp">
      <Filter>asplib_utils\logger</Filter>
    </ClCompile>
    <ClCompile Include="..\asplib_utils\logger\asplib_default_logger.cpp">
      <Filter>asplib_utils\logger</Filter>
    </ClCompile>
    <ClCompile Include="..\asplib_utils\logger\ILogger.cpp">
      <Filter>asplib_utils\logger</Filter>
    </ClCompile>
    <ClCompile Include="..\asplib_utils\logger\Logger_types.cpp">
      <Filter>asplib_utils\logger</Filter>
    </ClCompile>
    <ClCompile Include="..\asplib_utils\exceptions\asplib_StringException.cpp">
      <Filter>asplib_utils\exceptions</Filter>
    </ClCompile>
    <ClCompile Include="..\asplib_utils\computeDeviceInfo\cpuInfo.cpp">
      <Filter>asplib_utils\computeDeviceInfo</Filter>
    </ClCompile>
  </ItemGroup>
  <ItemGroup>
    <ClInclude Include="..\BiQuads\BiQuad_Native\asplib_Biquad_Native.h">
      <Filter>Biquads\Biquad_Native</Filter>
    </ClInclude>
    <ClInclude Include="..\BiQuads\apslib_BiquadFactory.h">
      <Filter>Biquads</Filter>
    </ClInclude>
    <ClInclude Include="..\interfaces\asplib_IBaseBiquad.h">
      <Filter>interfaces</Filter>
    </ClInclude>
    <ClInclude Include="..\asplib_utils\audioInterfaces\IPortAudio.h">
      <Filter>asplib_utils\audioInterfaces</Filter>
    </ClInclude>
    <ClInclude Include="..\asplib_utils\timer\asplib_CPUTimer.h">
      <Filter>asplib_utils\timer</Filter>
    </ClInclude>
    <ClInclude Include="..\asplib_utils\strings\stdStringUtils.h">
      <Filter>asplib_utils\strings</Filter>
    </ClInclude>
    <ClInclude Include="..\asplib_utils\signals\samplesConverter.h">
      <Filter>asplib_utils\signals</Filter>
    </ClInclude>
    <ClInclude Include="..\asplib_utils\signals\interleaver.h">
      <Filter>asplib_utils\signals</Filter>
    </ClInclude>
    <ClInclude Include="..\asplib_utils\os\asplib_base_os.h">
      <Filter>asplib_utils\os</Filter>
    </ClInclude>
    <ClInclude Include="..\asplib_utils\os\windows\windows_definitions.h">
      <Filter>asplib_utils\os\windows</Filter>
    </ClInclude>
    <ClInclude Include="..\asplib_utils\os\linux\linux_definitions.h">
      <Filter>asplib_utils\os\linux</Filter>
    </ClInclude>
    <ClInclude Include="..\asplib_utils\logger\Logger_types.h">
      <Filter>asplib_utils\logger</Filter>
    </ClInclude>
    <ClInclude Include="..\asplib_utils\logger\LoggerFactory.h">
      <Filter>asplib_utils\logger</Filter>
    </ClInclude>
    <ClInclude Include="..\asplib_utils\logger\LoggerFile.h">
      <Filter>asplib_utils\logger</Filter>
    </ClInclude>
    <ClInclude Include="..\asplib_utils\logger\LoggerStdout.h">
      <Filter>asplib_utils\logger</Filter>
    </ClInclude>
    <ClInclude Include="..\asplib_utils\logger\asplib_default_logger.h">
      <Filter>asplib_utils\logger</Filter>
    </ClInclude>
    <ClInclude Include="..\asplib_utils\logger\ILogger.h">
      <Filter>asplib_utils\logger</Filter>
    </ClInclude>
    <ClInclude Include="..\asplib_utils\exceptions\asplib_IException.h">
      <Filter>asplib_utils\exceptions</Filter>
    </ClInclude>
    <ClInclude Include="..\asplib_utils\exceptions\asplib_StringException.h">
      <Filter>asplib_utils\exceptions</Filter>
    </ClInclude>
    <ClInclude Include="..\asplib_utils\constants_typedefs\asplib_constants.h">
      <Filter>asplib_utils\constants_typedefs</Filter>
    </ClInclude>
    <ClInclude Include="..\asplib_utils\constants_typedefs\asplib_typedefs.h">
      <Filter>asplib_utils\constants_typedefs</Filter>
    </ClInclude>
    <ClInclude Include="..\asplib_utils\computeDeviceInfo\cpuInfo.h">
      <Filter>asplib_utils\computeDeviceInfo</Filter>
    </ClInclude>
    <ClInclude Include="..\asplib_utils\computeDeviceInfo\cpuInfo_types.h">
      <Filter>asplib_utils\computeDeviceInfo</Filter>
    </ClInclude>
    <ClInclude Include="..\asplib_utils\buffers\IBufferBase.h">
      <Filter>asplib_utils\buffers</Filter>
    </ClInclude>
    <ClInclude Include="..\asplib_utils\buffers\ITBuffer.h">
      <Filter>asplib_utils\buffers</Filter>
    </ClInclude>
    <ClInclude Include="..\asplib_utils\buffers\ITFrameBuffer.h">
      <Filter>asplib_utils\buffers</Filter>
    </ClInclude>
    <ClInclude Include="..\asplib_utils\buffers\TBufferBase.h">
      <Filter>asplib_utils\buffers</Filter>
    </ClInclude>
    <ClInclude Include="..\asplib_utils\buffers\TFrameBuffer.h">
      <Filter>asplib_utils\buffers</Filter>
    </ClInclude>
    <ClInclude Include="..\asplib_utils\buffers\TFrameRingBuffer.h">
      <Filter>asplib_utils\buffers</Filter>
    </ClInclude>
    <ClInclude Include="..\asplib_utils\buffers\TRingBuffer.h">
      <Filter>asplib_utils\buffers</Filter>
    </ClInclude>
  </ItemGroup>
</Project>